
Microsoft Visual Studio Solution File, Format Version 12.00
# Visual Studio Version 16
VisualStudioVersion = 16.0.31624.102
MinimumVisualStudioVersion = 10.0.40219.1
Project("{9092AA53-FB77-4645-B42D-1CCCA6BD08BD}") = "SSHack", "SSHack.njsproj", "{818CE5C9-5FBE-400C-9A94-43CA171A669E}"
EndProject
Global
	GlobalSection(SolutionConfigurationPlatforms) = preSolution
		Debug|Any CPU = Debug|Any CPU
		Release|Any CPU = Release|Any CPU
	EndGlobalSection
	GlobalSection(ProjectConfigurationPlatforms) = postSolution
		{818CE5C9-5FBE-400C-9A94-43CA171A669E}.Debug|Any CPU.ActiveCfg = Debug|Any CPU
		{818CE5C9-5FBE-400C-9A94-43CA171A669E}.Debug|Any CPU.Build.0 = Debug|Any CPU
		{818CE5C9-5FBE-400C-9A94-43CA171A669E}.Release|Any CPU.ActiveCfg = Release|Any CPU
		{818CE5C9-5FBE-400C-9A94-43CA171A669E}.Release|Any CPU.Build.0 = Release|Any CPU
	EndGlobalSection
	GlobalSection(SolutionProperties) = preSolution
		HideSolutionNode = FALSE
	EndGlobalSection
	GlobalSection(ExtensibilityGlobals) = postSolution
		SolutionGuid = {D5924FF6-44F8-4265-9864-B87A1E513055}
	EndGlobalSection
EndGlobal
